
Microsoft Visual Studio Solution File, Format Version 12.00
# Visual Studio Version 17
VisualStudioVersion = 17.0.32126.317
MinimumVisualStudioVersion = 10.0.40219.1
Project("{8BC9CEB8-8B4A-11D0-8D11-00A0C91BC942}") = "testProject", "testProject.vcxproj", "{EF06510F-0B4B-44FC-97CA-F8B8CF8A2575}"
EndProject
Global
	GlobalSection(SolutionConfigurationPlatforms) = preSolution
		Debug|x64 = Debug|x64
		Debug|x86 = Debug|x86
		Release|x64 = Release|x64
		Release|x86 = Release|x86
	EndGlobalSection
	GlobalSection(ProjectConfigurationPlatforms) = postSolution
		{EF06510F-0B4B-44FC-97CA-F8B8CF8A2575}.Debug|x64.ActiveCfg = Debug|x64
		{EF06510F-0B4B-44FC-97CA-F8B8CF8A2575}.Debug|x64.Build.0 = Debug|x64
		{EF06510F-0B4B-44FC-97CA-F8B8CF8A2575}.Debug|x86.ActiveCfg = Debug|Win32
		{EF06510F-0B4B-44FC-97CA-F8B8CF8A2575}.Debug|x86.Build.0 = Debug|Win32
		{EF06510F-0B4B-44FC-97CA-F8B8CF8A2575}.Release|x64.ActiveCfg = Release|x64
		{EF06510F-0B4B-44FC-97CA-F8B8CF8A2575}.Release|x64.Build.0 = Release|x64
		{EF06510F-0B4B-44FC-97CA-F8B8CF8A2575}.Release|x86.ActiveCfg = Release|Win32
		{EF06510F-0B4B-44FC-97CA-F8B8CF8A2575}.Release|x86.Build.0 = Release|Win32
	EndGlobalSection
	GlobalSection(SolutionProperties) = preSolution
		HideSolutionNode = FALSE
	EndGlobalSection
	GlobalSection(ExtensibilityGlobals) = postSolution
		SolutionGuid = {4766C5CD-F967-4ED4-AC44-F9E7F36C1769}
	EndGlobalSection
EndGlobal
